
Microsoft Visual Studio Solution File, Format Version 12.00
# Visual Studio Version 17
VisualStudioVersion = 17.11.35327.3
MinimumVisualStudioVersion = 10.0.40219.1
Project("{FAE04EC0-301F-11D3-BF4B-00C04F79EFBC}") = "XmlOracleLoader", "XmlOracleLoader\XmlOracleLoader.csproj", "{2CE8BE6E-9BE0-423C-B7F1-B6C01EDA22D2}"
EndProject
Global
	GlobalSection(SolutionConfigurationPlatforms) = preSolution
		Debug|Any CPU = Debug|Any CPU
		Release|Any CPU = Release|Any CPU
	EndGlobalSection
	GlobalSection(ProjectConfigurationPlatforms) = postSolution
		{2CE8BE6E-9BE0-423C-B7F1-B6C01EDA22D2}.Debug|Any CPU.ActiveCfg = Debug|Any CPU
		{2CE8BE6E-9BE0-423C-B7F1-B6C01EDA22D2}.Debug|Any CPU.Build.0 = Debug|Any CPU
		{2CE8BE6E-9BE0-423C-B7F1-B6C01EDA22D2}.Release|Any CPU.ActiveCfg = Release|Any CPU
		{2CE8BE6E-9BE0-423C-B7F1-B6C01EDA22D2}.Release|Any CPU.Build.0 = Release|Any CPU
	EndGlobalSection
	GlobalSection(SolutionProperties) = preSolution
		HideSolutionNode = FALSE
	EndGlobalSection
	GlobalSection(ExtensibilityGlobals) = postSolution
		SolutionGuid = {04E98BE3-45AB-4789-896A-00E91AFA6CE1}
	EndGlobalSection
EndGlobal
